
Microsoft Visual Studio Solution File, Format Version 12.00
# Visual Studio Version 16
VisualStudioVersion = 16.0.29519.87
MinimumVisualStudioVersion = 10.0.40219.1
Project("{FAE04EC0-301F-11D3-BF4B-00C04F79EFBC}") = "S2SConsoleClient", "S2SConsoleClient\S2SConsoleClient.csproj", "{6E8A0D65-1EE0-41B2-A0D2-846F9288350A}"
EndProject
Global
	GlobalSection(SolutionConfigurationPlatforms) = preSolution
		Debug|Any CPU = Debug|Any CPU
		Release|Any CPU = Release|Any CPU
	EndGlobalSection
	GlobalSection(ProjectConfigurationPlatforms) = postSolution
		{6E8A0D65-1EE0-41B2-A0D2-846F9288350A}.Debug|Any CPU.ActiveCfg = Debug|Any CPU
		{6E8A0D65-1EE0-41B2-A0D2-846F9288350A}.Debug|Any CPU.Build.0 = Debug|Any CPU
		{6E8A0D65-1EE0-41B2-A0D2-846F9288350A}.Release|Any CPU.ActiveCfg = Release|Any CPU
		{6E8A0D65-1EE0-41B2-A0D2-846F9288350A}.Release|Any CPU.Build.0 = Release|Any CPU
	EndGlobalSection
	GlobalSection(SolutionProperties) = preSolution
		HideSolutionNode = FALSE
	EndGlobalSection
	GlobalSection(ExtensibilityGlobals) = postSolution
		SolutionGuid = {BC765B3A-C366-492C-B005-C37824245051}
	EndGlobalSection
EndGlobal
